// !$*UTF8*$!
{
	archiveVersion = 1;
	classes = {
	};
	objectVersion = 56;
	objects = {

/* Begin PBXBuildFile section */
		BFC25F0E2D22F34C0082989F /* AppDelegate.swift in Sources */ = {isa = PBXBuildFile; fileRef = BFC25F0D2D22F34C0082989F /* AppDelegate.swift */; };
		BFC25F102D22F34C0082989F /* SceneDelegate.swift in Sources */ = {isa = PBXBuildFile; fileRef = BFC25F0F2D22F34C0082989F /* SceneDelegate.swift */; };
		BFC25F122D22F34C0082989F /* ViewController.swift in Sources */ = {isa = PBXBuildFile; fileRef = BFC25F112D22F34C0082989F /* ViewController.swift */; };
		BFC25F152D22F34C0082989F /* Base in Resources */ = {isa = PBXBuildFile; fileRef = BFC25F142D22F34C0082989F /* Base */; };
		BFC25F172D22F34E0082989F /* Assets.xcassets in Resources */ = {isa = PBXBuildFile; fileRef = BFC25F162D22F34E0082989F /* Assets.xcassets */; };
		BFC25F1A2D22F34E0082989F /* Base in Resources */ = {isa = PBXBuildFile; fileRef = BFC25F192D22F34E0082989F /* Base */; };
		BFC25F242D2560F60082989F /* .gitignore in Resources */ = {isa = PBXBuildFile; fileRef = BFC25F232D2560F60082989F /* .gitignore */; };
		BFC25F262D2561100082989F /* APIKey.swift in Sources */ = {isa = PBXBuildFile; fileRef = BFC25F252D2561100082989F /* APIKey.swift */; };
		BFC25F2D2D26DEE70082989F /* SignUpViewController.swift in Sources */ = {isa = PBXBuildFile; fileRef = BFC25F2C2D26DEE70082989F /* SignUpViewController.swift */; };
		BFC25F2F2D26DEF00082989F /* SignUpViewModel.swift in Sources */ = {isa = PBXBuildFile; fileRef = BFC25F2E2D26DEF00082989F /* SignUpViewModel.swift */; };
		BFC25F312D26DF100082989F /* SignUpCoordinator.swift in Sources */ = {isa = PBXBuildFile; fileRef = BFC25F302D26DF100082989F /* SignUpCoordinator.swift */; };
		BFC25F332D26DF290082989F /* SignInViewController.swift in Sources */ = {isa = PBXBuildFile; fileRef = BFC25F322D26DF290082989F /* SignInViewController.swift */; };
		BFC25F352D26DF300082989F /* SignInViewModel.swift in Sources */ = {isa = PBXBuildFile; fileRef = BFC25F342D26DF300082989F /* SignInViewModel.swift */; };
		BFC25F372D26DF3A0082989F /* SignInCoordinator.swift in Sources */ = {isa = PBXBuildFile; fileRef = BFC25F362D26DF3A0082989F /* SignInCoordinator.swift */; };
		BFC25F3A2D280C800082989F /* HomeViewController.swift in Sources */ = {isa = PBXBuildFile; fileRef = BFC25F392D280C800082989F /* HomeViewController.swift */; };
		BFC25F3C2D280CB40082989F /* HomeViewModel.swift in Sources */ = {isa = PBXBuildFile; fileRef = BFC25F3B2D280CB40082989F /* HomeViewModel.swift */; };
		BFC25F3F2D280CDF0082989F /* CustomButton.swift in Sources */ = {isa = PBXBuildFile; fileRef = BFC25F3E2D280CDF0082989F /* CustomButton.swift */; };
		BFC25F412D280CE90082989F /* CustomTextField.swift in Sources */ = {isa = PBXBuildFile; fileRef = BFC25F402D280CE90082989F /* CustomTextField.swift */; };
		BFC25F452D280D120082989F /* UIColor+Extensions.swift in Sources */ = {isa = PBXBuildFile; fileRef = BFC25F442D280D120082989F /* UIColor+Extensions.swift */; };
		BFC25F472D280D1B0082989F /* UIView+Extensions.swift in Sources */ = {isa = PBXBuildFile; fileRef = BFC25F462D280D1B0082989F /* UIView+Extensions.swift */; };
		BFC25F4D2D280D8E0082989F /* Logger.swift in Sources */ = {isa = PBXBuildFile; fileRef = BFC25F4C2D280D8E0082989F /* Logger.swift */; };
		BFC25F4F2D280D950082989F /* Constants.swift in Sources */ = {isa = PBXBuildFile; fileRef = BFC25F4E2D280D950082989F /* Constants.swift */; };
		BFC25F512D280D9E0082989F /* Environment.swift in Sources */ = {isa = PBXBuildFile; fileRef = BFC25F502D280D9E0082989F /* Environment.swift */; };
		BFC25F572D280DD70082989F /* SignInRequest.swift in Sources */ = {isa = PBXBuildFile; fileRef = BFC25F562D280DD70082989F /* SignInRequest.swift */; };
		BFC25F592D280DDD0082989F /* UserDataResponse.swift in Sources */ = {isa = PBXBuildFile; fileRef = BFC25F582D280DDD0082989F /* UserDataResponse.swift */; };
		BFC25F5B2D280DE60082989F /* UserRepository.swift in Sources */ = {isa = PBXBuildFile; fileRef = BFC25F5A2D280DE60082989F /* UserRepository.swift */; };
		BFC25F5D2D280DED0082989F /* AuthRepository.swift in Sources */ = {isa = PBXBuildFile; fileRef = BFC25F5C2D280DED0082989F /* AuthRepository.swift */; };
		BFC25F5F2D280DF50082989F /* Endpoints.swift in Sources */ = {isa = PBXBuildFile; fileRef = BFC25F5E2D280DF50082989F /* Endpoints.swift */; };
		BFC25F612D280DFB0082989F /* APIManager.swift in Sources */ = {isa = PBXBuildFile; fileRef = BFC25F602D280DFB0082989F /* APIManager.swift */; };
		BFC25F652D280E180082989F /* SignInUseCase.swift in Sources */ = {isa = PBXBuildFile; fileRef = BFC25F642D280E180082989F /* SignInUseCase.swift */; };
		BFC25F672D280E1E0082989F /* FetchUserDataUseCase.swift in Sources */ = {isa = PBXBuildFile; fileRef = BFC25F662D280E1E0082989F /* FetchUserDataUseCase.swift */; };
		BFC25F692D280E320082989F /* AuthResponse.swift in Sources */ = {isa = PBXBuildFile; fileRef = BFC25F682D280E320082989F /* AuthResponse.swift */; };
		BFC25F6B2D280E3B0082989F /* User.swift in Sources */ = {isa = PBXBuildFile; fileRef = BFC25F6A2D280E3A0082989F /* User.swift */; };
/* End PBXBuildFile section */

/* Begin PBXFileReference section */
		BFC25F0A2D22F34C0082989F /* Holaquetal.app */ = {isa = PBXFileReference; explicitFileType = wrapper.application; includeInIndex = 0; path = Holaquetal.app; sourceTree = BUILT_PRODUCTS_DIR; };
		BFC25F0D2D22F34C0082989F /* AppDelegate.swift */ = {isa = PBXFileReference; lastKnownFileType = sourcecode.swift; path = AppDelegate.swift; sourceTree = "<group>"; };
		BFC25F0F2D22F34C0082989F /* SceneDelegate.swift */ = {isa = PBXFileReference; lastKnownFileType = sourcecode.swift; path = SceneDelegate.swift; sourceTree = "<group>"; };
		BFC25F112D22F34C0082989F /* ViewController.swift */ = {isa = PBXFileReference; lastKnownFileType = sourcecode.swift; path = ViewController.swift; sourceTree = "<group>"; };
		BFC25F142D22F34C0082989F /* Base */ = {isa = PBXFileReference; lastKnownFileType = file.storyboard; name = Base; path = Base.lproj/Main.storyboard; sourceTree = "<group>"; };
		BFC25F162D22F34E0082989F /* Assets.xcassets */ = {isa = PBXFileReference; lastKnownFileType = folder.assetcatalog; path = Assets.xcassets; sourceTree = "<group>"; };
		BFC25F192D22F34E0082989F /* Base */ = {isa = PBXFileReference; lastKnownFileType = file.storyboard; name = Base; path = Base.lproj/LaunchScreen.storyboard; sourceTree = "<group>"; };
		BFC25F1B2D22F34E0082989F /* Info.plist */ = {isa = PBXFileReference; lastKnownFileType = text.plist.xml; path = Info.plist; sourceTree = "<group>"; };
		BFC25F232D2560F60082989F /* .gitignore */ = {isa = PBXFileReference; lastKnownFileType = text; path = .gitignore; sourceTree = "<group>"; };
		BFC25F252D2561100082989F /* APIKey.swift */ = {isa = PBXFileReference; lastKnownFileType = sourcecode.swift; path = APIKey.swift; sourceTree = "<group>"; };
		BFC25F2C2D26DEE70082989F /* SignUpViewController.swift */ = {isa = PBXFileReference; lastKnownFileType = sourcecode.swift; path = SignUpViewController.swift; sourceTree = "<group>"; };
		BFC25F2E2D26DEF00082989F /* SignUpViewModel.swift */ = {isa = PBXFileReference; lastKnownFileType = sourcecode.swift; path = SignUpViewModel.swift; sourceTree = "<group>"; };
		BFC25F302D26DF100082989F /* SignUpCoordinator.swift */ = {isa = PBXFileReference; lastKnownFileType = sourcecode.swift; path = SignUpCoordinator.swift; sourceTree = "<group>"; };
		BFC25F322D26DF290082989F /* SignInViewController.swift */ = {isa = PBXFileReference; lastKnownFileType = sourcecode.swift; path = SignInViewController.swift; sourceTree = "<group>"; };
		BFC25F342D26DF300082989F /* SignInViewModel.swift */ = {isa = PBXFileReference; lastKnownFileType = sourcecode.swift; path = SignInViewModel.swift; sourceTree = "<group>"; };
		BFC25F362D26DF3A0082989F /* SignInCoordinator.swift */ = {isa = PBXFileReference; lastKnownFileType = sourcecode.swift; path = SignInCoordinator.swift; sourceTree = "<group>"; };
		BFC25F392D280C800082989F /* HomeViewController.swift */ = {isa = PBXFileReference; lastKnownFileType = sourcecode.swift; path = HomeViewController.swift; sourceTree = "<group>"; };
		BFC25F3B2D280CB40082989F /* HomeViewModel.swift */ = {isa = PBXFileReference; lastKnownFileType = sourcecode.swift; path = HomeViewModel.swift; sourceTree = "<group>"; };
		BFC25F3E2D280CDF0082989F /* CustomButton.swift */ = {isa = PBXFileReference; lastKnownFileType = sourcecode.swift; path = CustomButton.swift; sourceTree = "<group>"; };
		BFC25F402D280CE90082989F /* CustomTextField.swift */ = {isa = PBXFileReference; lastKnownFileType = sourcecode.swift; path = CustomTextField.swift; sourceTree = "<group>"; };
		BFC25F442D280D120082989F /* UIColor+Extensions.swift */ = {isa = PBXFileReference; lastKnownFileType = sourcecode.swift; path = "UIColor+Extensions.swift"; sourceTree = "<group>"; };
		BFC25F462D280D1B0082989F /* UIView+Extensions.swift */ = {isa = PBXFileReference; lastKnownFileType = sourcecode.swift; path = "UIView+Extensions.swift"; sourceTree = "<group>"; };
		BFC25F4C2D280D8E0082989F /* Logger.swift */ = {isa = PBXFileReference; lastKnownFileType = sourcecode.swift; path = Logger.swift; sourceTree = "<group>"; };
		BFC25F4E2D280D950082989F /* Constants.swift */ = {isa = PBXFileReference; lastKnownFileType = sourcecode.swift; path = Constants.swift; sourceTree = "<group>"; };
		BFC25F502D280D9E0082989F /* Environment.swift */ = {isa = PBXFileReference; lastKnownFileType = sourcecode.swift; path = Environment.swift; sourceTree = "<group>"; };
		BFC25F562D280DD70082989F /* SignInRequest.swift */ = {isa = PBXFileReference; lastKnownFileType = sourcecode.swift; path = SignInRequest.swift; sourceTree = "<group>"; };
		BFC25F582D280DDD0082989F /* UserDataResponse.swift */ = {isa = PBXFileReference; lastKnownFileType = sourcecode.swift; path = UserDataResponse.swift; sourceTree = "<group>"; };
		BFC25F5A2D280DE60082989F /* UserRepository.swift */ = {isa = PBXFileReference; lastKnownFileType = sourcecode.swift; path = UserRepository.swift; sourceTree = "<group>"; };
		BFC25F5C2D280DED0082989F /* AuthRepository.swift */ = {isa = PBXFileReference; lastKnownFileType = sourcecode.swift; path = AuthRepository.swift; sourceTree = "<group>"; };
		BFC25F5E2D280DF50082989F /* Endpoints.swift */ = {isa = PBXFileReference; lastKnownFileType = sourcecode.swift; path = Endpoints.swift; sourceTree = "<group>"; };
		BFC25F602D280DFB0082989F /* APIManager.swift */ = {isa = PBXFileReference; lastKnownFileType = sourcecode.swift; path = APIManager.swift; sourceTree = "<group>"; };
		BFC25F642D280E180082989F /* SignInUseCase.swift */ = {isa = PBXFileReference; lastKnownFileType = sourcecode.swift; path = SignInUseCase.swift; sourceTree = "<group>"; };
		BFC25F662D280E1E0082989F /* FetchUserDataUseCase.swift */ = {isa = PBXFileReference; lastKnownFileType = sourcecode.swift; path = FetchUserDataUseCase.swift; sourceTree = "<group>"; };
		BFC25F682D280E320082989F /* AuthResponse.swift */ = {isa = PBXFileReference; lastKnownFileType = sourcecode.swift; path = AuthResponse.swift; sourceTree = "<group>"; };
		BFC25F6A2D280E3A0082989F /* User.swift */ = {isa = PBXFileReference; lastKnownFileType = sourcecode.swift; path = User.swift; sourceTree = "<group>"; };
/* End PBXFileReference section */

/* Begin PBXFrameworksBuildPhase section */
		BFC25F072D22F34C0082989F /* Frameworks */ = {
			isa = PBXFrameworksBuildPhase;
			buildActionMask = 2147483647;
			files = (
			);
			runOnlyForDeploymentPostprocessing = 0;
		};
/* End PBXFrameworksBuildPhase section */

/* Begin PBXGroup section */
		BFC25F012D22F34C0082989F = {
			isa = PBXGroup;
			children = (
				BFC25F0C2D22F34C0082989F /* Holaquetal */,
				BFC25F0B2D22F34C0082989F /* Products */,
			);
			sourceTree = "<group>";
		};
		BFC25F0B2D22F34C0082989F /* Products */ = {
			isa = PBXGroup;
			children = (
				BFC25F0A2D22F34C0082989F /* Holaquetal.app */,
			);
			name = Products;
			sourceTree = "<group>";
		};
		BFC25F0C2D22F34C0082989F /* Holaquetal */ = {
			isa = PBXGroup;
			children = (
				BFC25F522D280DAC0082989F /* Data */,
				BFC25F4A2D280D3D0082989F /* Resources */,
				BFC25F492D280D310082989F /* Utilities */,
				BFC25F482D280D2C0082989F /* Domain */,
				BFC25F282D26DEB00082989F /* Presentation */,
				BFC25F272D26DEA20082989F /* App */,
				BFC25F112D22F34C0082989F /* ViewController.swift */,
				BFC25F132D22F34C0082989F /* Main.storyboard */,
				BFC25F182D22F34E0082989F /* LaunchScreen.storyboard */,
				BFC25F1B2D22F34E0082989F /* Info.plist */,
				BFC25F232D2560F60082989F /* .gitignore */,
				BFC25F252D2561100082989F /* APIKey.swift */,
			);
			path = Holaquetal;
			sourceTree = "<group>";
		};
		BFC25F272D26DEA20082989F /* App */ = {
			isa = PBXGroup;
			children = (
				BFC25F0D2D22F34C0082989F /* AppDelegate.swift */,
				BFC25F0F2D22F34C0082989F /* SceneDelegate.swift */,
			);
			path = App;
			sourceTree = "<group>";
		};
		BFC25F282D26DEB00082989F /* Presentation */ = {
			isa = PBXGroup;
			children = (
				BFC25F3D2D280CD00082989F /* Common */,
				BFC25F382D26DF420082989F /* Home */,
				BFC25F292D26DEB90082989F /* Auth */,
			);
			path = Presentation;
			sourceTree = "<group>";
		};
		BFC25F292D26DEB90082989F /* Auth */ = {
			isa = PBXGroup;
			children = (
				BFC25F2B2D26DEC80082989F /* SignUp */,
				BFC25F2A2D26DEC00082989F /* SingIn */,
			);
			path = Auth;
			sourceTree = "<group>";
		};
		BFC25F2A2D26DEC00082989F /* SingIn */ = {
			isa = PBXGroup;
			children = (
				BFC25F322D26DF290082989F /* SignInViewController.swift */,
				BFC25F342D26DF300082989F /* SignInViewModel.swift */,
				BFC25F362D26DF3A0082989F /* SignInCoordinator.swift */,
			);
			path = SingIn;
			sourceTree = "<group>";
		};
		BFC25F2B2D26DEC80082989F /* SignUp */ = {
			isa = PBXGroup;
			children = (
				BFC25F2C2D26DEE70082989F /* SignUpViewController.swift */,
				BFC25F2E2D26DEF00082989F /* SignUpViewModel.swift */,
				BFC25F302D26DF100082989F /* SignUpCoordinator.swift */,
			);
			path = SignUp;
			sourceTree = "<group>";
		};
		BFC25F382D26DF420082989F /* Home */ = {
			isa = PBXGroup;
			children = (
				BFC25F392D280C800082989F /* HomeViewController.swift */,
				BFC25F3B2D280CB40082989F /* HomeViewModel.swift */,
			);
			path = Home;
			sourceTree = "<group>";
		};
		BFC25F3D2D280CD00082989F /* Common */ = {
			isa = PBXGroup;
			children = (
				BFC25F432D280D060082989F /* Extensions */,
				BFC25F422D280CF10082989F /* Components */,
			);
			path = Common;
			sourceTree = "<group>";
		};
		BFC25F422D280CF10082989F /* Components */ = {
			isa = PBXGroup;
			children = (
				BFC25F3E2D280CDF0082989F /* CustomButton.swift */,
				BFC25F402D280CE90082989F /* CustomTextField.swift */,
			);
			path = Components;
			sourceTree = "<group>";
		};
		BFC25F432D280D060082989F /* Extensions */ = {
			isa = PBXGroup;
			children = (
				BFC25F442D280D120082989F /* UIColor+Extensions.swift */,
				BFC25F462D280D1B0082989F /* UIView+Extensions.swift */,
			);
			path = Extensions;
			sourceTree = "<group>";
		};
		BFC25F482D280D2C0082989F /* Domain */ = {
			isa = PBXGroup;
			children = (
				BFC25F632D280E110082989F /* UseCases */,
				BFC25F622D280E060082989F /* Entities */,
			);
			path = Domain;
			sourceTree = "<group>";
		};
		BFC25F492D280D310082989F /* Utilities */ = {
			isa = PBXGroup;
			children = (
				BFC25F4C2D280D8E0082989F /* Logger.swift */,
				BFC25F4E2D280D950082989F /* Constants.swift */,
				BFC25F502D280D9E0082989F /* Environment.swift */,
			);
			path = Utilities;
			sourceTree = "<group>";
		};
		BFC25F4A2D280D3D0082989F /* Resources */ = {
			isa = PBXGroup;
			children = (
				BFC25F4B2D280D560082989F /* Localizations */,
				BFC25F162D22F34E0082989F /* Assets.xcassets */,
			);
			path = Resources;
			sourceTree = "<group>";
		};
		BFC25F4B2D280D560082989F /* Localizations */ = {
			isa = PBXGroup;
			children = (
			);
			path = Localizations;
			sourceTree = "<group>";
		};
		BFC25F522D280DAC0082989F /* Data */ = {
			isa = PBXGroup;
			children = (
				BFC25F552D280DCE0082989F /* Models */,
				BFC25F542D280DBE0082989F /* Repositories */,
				BFC25F532D280DB60082989F /* Network */,
			);
			path = Data;
			sourceTree = "<group>";
		};
		BFC25F532D280DB60082989F /* Network */ = {
			isa = PBXGroup;
			children = (
				BFC25F5E2D280DF50082989F /* Endpoints.swift */,
				BFC25F602D280DFB0082989F /* APIManager.swift */,
			);
			path = Network;
			sourceTree = "<group>";
		};
		BFC25F542D280DBE0082989F /* Repositories */ = {
			isa = PBXGroup;
			children = (
				BFC25F5A2D280DE60082989F /* UserRepository.swift */,
				BFC25F5C2D280DED0082989F /* AuthRepository.swift */,
			);
			path = Repositories;
			sourceTree = "<group>";
		};
		BFC25F552D280DCE0082989F /* Models */ = {
			isa = PBXGroup;
			children = (
				BFC25F562D280DD70082989F /* SignInRequest.swift */,
				BFC25F582D280DDD0082989F /* UserDataResponse.swift */,
			);
			path = Models;
			sourceTree = "<group>";
		};
		BFC25F622D280E060082989F /* Entities */ = {
			isa = PBXGroup;
			children = (
				BFC25F682D280E320082989F /* AuthResponse.swift */,
				BFC25F6A2D280E3A0082989F /* User.swift */,
			);
			path = Entities;
			sourceTree = "<group>";
		};
		BFC25F632D280E110082989F /* UseCases */ = {
			isa = PBXGroup;
			children = (
				BFC25F642D280E180082989F /* SignInUseCase.swift */,
				BFC25F662D280E1E0082989F /* FetchUserDataUseCase.swift */,
			);
			path = UseCases;
			sourceTree = "<group>";
		};
/* End PBXGroup section */

/* Begin PBXNativeTarget section */
		BFC25F092D22F34C0082989F /* Holaquetal */ = {
			isa = PBXNativeTarget;
			buildConfigurationList = BFC25F1E2D22F34E0082989F /* Build configuration list for PBXNativeTarget "Holaquetal" */;
			buildPhases = (
				BFC25F062D22F34C0082989F /* Sources */,
				BFC25F072D22F34C0082989F /* Frameworks */,
				BFC25F082D22F34C0082989F /* Resources */,
			);
			buildRules = (
			);
			dependencies = (
			);
			name = Holaquetal;
			productName = Holaquetal;
			productReference = BFC25F0A2D22F34C0082989F /* Holaquetal.app */;
			productType = "com.apple.product-type.application";
		};
/* End PBXNativeTarget section */

/* Begin PBXProject section */
		BFC25F022D22F34C0082989F /* Project object */ = {
			isa = PBXProject;
			attributes = {
				BuildIndependentTargetsInParallel = 1;
				LastSwiftUpdateCheck = 1530;
				LastUpgradeCheck = 1530;
				TargetAttributes = {
					BFC25F092D22F34C0082989F = {
						CreatedOnToolsVersion = 15.3;
					};
				};
			};
			buildConfigurationList = BFC25F052D22F34C0082989F /* Build configuration list for PBXProject "Holaquetal" */;
			compatibilityVersion = "Xcode 14.0";
			developmentRegion = en;
			hasScannedForEncodings = 0;
			knownRegions = (
				en,
				Base,
			);
			mainGroup = BFC25F012D22F34C0082989F;
			productRefGroup = BFC25F0B2D22F34C0082989F /* Products */;
			projectDirPath = "";
			projectRoot = "";
			targets = (
				BFC25F092D22F34C0082989F /* Holaquetal */,
			);
		};
/* End PBXProject section */

/* Begin PBXResourcesBuildPhase section */
		BFC25F082D22F34C0082989F /* Resources */ = {
			isa = PBXResourcesBuildPhase;
			buildActionMask = 2147483647;
			files = (
				BFC25F242D2560F60082989F /* .gitignore in Resources */,
				BFC25F172D22F34E0082989F /* Assets.xcassets in Resources */,
				BFC25F1A2D22F34E0082989F /* Base in Resources */,
				BFC25F152D22F34C0082989F /* Base in Resources */,
			);
			runOnlyForDeploymentPostprocessing = 0;
		};
/* End PBXResourcesBuildPhase section */

/* Begin PBXSourcesBuildPhase section */
		BFC25F062D22F34C0082989F /* Sources */ = {
			isa = PBXSourcesBuildPhase;
			buildActionMask = 2147483647;
			files = (
				BFC25F5B2D280DE60082989F /* UserRepository.swift in Sources */,
				BFC25F412D280CE90082989F /* CustomTextField.swift in Sources */,
				BFC25F672D280E1E0082989F /* FetchUserDataUseCase.swift in Sources */,
				BFC25F452D280D120082989F /* UIColor+Extensions.swift in Sources */,
				BFC25F3F2D280CDF0082989F /* CustomButton.swift in Sources */,
				BFC25F592D280DDD0082989F /* UserDataResponse.swift in Sources */,
				BFC25F122D22F34C0082989F /* ViewController.swift in Sources */,
				BFC25F312D26DF100082989F /* SignUpCoordinator.swift in Sources */,
				BFC25F6B2D280E3B0082989F /* User.swift in Sources */,
				BFC25F332D26DF290082989F /* SignInViewController.swift in Sources */,
				BFC25F472D280D1B0082989F /* UIView+Extensions.swift in Sources */,
				BFC25F2D2D26DEE70082989F /* SignUpViewController.swift in Sources */,
				BFC25F4D2D280D8E0082989F /* Logger.swift in Sources */,
				BFC25F5D2D280DED0082989F /* AuthRepository.swift in Sources */,
				BFC25F372D26DF3A0082989F /* SignInCoordinator.swift in Sources */,
				BFC25F652D280E180082989F /* SignInUseCase.swift in Sources */,
				BFC25F0E2D22F34C0082989F /* AppDelegate.swift in Sources */,
				BFC25F572D280DD70082989F /* SignInRequest.swift in Sources */,
				BFC25F352D26DF300082989F /* SignInViewModel.swift in Sources */,
				BFC25F692D280E320082989F /* AuthResponse.swift in Sources */,
				BFC25F3C2D280CB40082989F /* HomeViewModel.swift in Sources */,
				BFC25F3A2D280C800082989F /* HomeViewController.swift in Sources */,
				BFC25F262D2561100082989F /* APIKey.swift in Sources */,
				BFC25F512D280D9E0082989F /* Environment.swift in Sources */,
				BFC25F2F2D26DEF00082989F /* SignUpViewModel.swift in Sources */,
				BFC25F102D22F34C0082989F /* SceneDelegate.swift in Sources */,
				BFC25F612D280DFB0082989F /* APIManager.swift in Sources */,
				BFC25F5F2D280DF50082989F /* Endpoints.swift in Sources */,
				BFC25F4F2D280D950082989F /* Constants.swift in Sources */,
			);
			runOnlyForDeploymentPostprocessing = 0;
		};
/* End PBXSourcesBuildPhase section */

/* Begin PBXVariantGroup section */
		BFC25F132D22F34C0082989F /* Main.storyboard */ = {
			isa = PBXVariantGroup;
			children = (
				BFC25F142D22F34C0082989F /* Base */,
			);
			name = Main.storyboard;
			sourceTree = "<group>";
		};
		BFC25F182D22F34E0082989F /* LaunchScreen.storyboard */ = {
			isa = PBXVariantGroup;
			children = (
				BFC25F192D22F34E0082989F /* Base */,
			);
			name = LaunchScreen.storyboard;
			sourceTree = "<group>";
		};
/* End PBXVariantGroup section */

/* Begin XCBuildConfiguration section */
		BFC25F1C2D22F34E0082989F /* Debug */ = {
			isa = XCBuildConfiguration;
			buildSettings = {
				ALWAYS_SEARCH_USER_PATHS = NO;
				ASSETCATALOG_COMPILER_GENERATE_SWIFT_ASSET_SYMBOL_EXTENSIONS = YES;
				CLANG_ANALYZER_NONNULL = YES;
				CLANG_ANALYZER_NUMBER_OBJECT_CONVERSION = YES_AGGRESSIVE;
				CLANG_CXX_LANGUAGE_STANDARD = "gnu++20";
				CLANG_ENABLE_MODULES = YES;
				CLANG_ENABLE_OBJC_ARC = YES;
				CLANG_ENABLE_OBJC_WEAK = YES;
				CLANG_WARN_BLOCK_CAPTURE_AUTORELEASING = YES;
				CLANG_WARN_BOOL_CONVERSION = YES;
				CLANG_WARN_COMMA = YES;
				CLANG_WARN_CONSTANT_CONVERSION = YES;
				CLANG_WARN_DEPRECATED_OBJC_IMPLEMENTATIONS = YES;
				CLANG_WARN_DIRECT_OBJC_ISA_USAGE = YES_ERROR;
				CLANG_WARN_DOCUMENTATION_COMMENTS = YES;
				CLANG_WARN_EMPTY_BODY = YES;
				CLANG_WARN_ENUM_CONVERSION = YES;
				CLANG_WARN_INFINITE_RECURSION = YES;
				CLANG_WARN_INT_CONVERSION = YES;
				CLANG_WARN_NON_LITERAL_NULL_CONVERSION = YES;
				CLANG_WARN_OBJC_IMPLICIT_RETAIN_SELF = YES;
				CLANG_WARN_OBJC_LITERAL_CONVERSION = YES;
				CLANG_WARN_OBJC_ROOT_CLASS = YES_ERROR;
				CLANG_WARN_QUOTED_INCLUDE_IN_FRAMEWORK_HEADER = YES;
				CLANG_WARN_RANGE_LOOP_ANALYSIS = YES;
				CLANG_WARN_STRICT_PROTOTYPES = YES;
				CLANG_WARN_SUSPICIOUS_MOVE = YES;
				CLANG_WARN_UNGUARDED_AVAILABILITY = YES_AGGRESSIVE;
				CLANG_WARN_UNREACHABLE_CODE = YES;
				CLANG_WARN__DUPLICATE_METHOD_MATCH = YES;
				COPY_PHASE_STRIP = NO;
				DEBUG_INFORMATION_FORMAT = dwarf;
				ENABLE_STRICT_OBJC_MSGSEND = YES;
				ENABLE_TESTABILITY = YES;
				ENABLE_USER_SCRIPT_SANDBOXING = YES;
				GCC_C_LANGUAGE_STANDARD = gnu17;
				GCC_DYNAMIC_NO_PIC = NO;
				GCC_NO_COMMON_BLOCKS = YES;
				GCC_OPTIMIZATION_LEVEL = 0;
				GCC_PREPROCESSOR_DEFINITIONS = (
					"DEBUG=1",
					"$(inherited)",
				);
				GCC_WARN_64_TO_32_BIT_CONVERSION = YES;
				GCC_WARN_ABOUT_RETURN_TYPE = YES_ERROR;
				GCC_WARN_UNDECLARED_SELECTOR = YES;
				GCC_WARN_UNINITIALIZED_AUTOS = YES_AGGRESSIVE;
				GCC_WARN_UNUSED_FUNCTION = YES;
				GCC_WARN_UNUSED_VARIABLE = YES;
				IPHONEOS_DEPLOYMENT_TARGET = 17.4;
				LOCALIZATION_PREFERS_STRING_CATALOGS = YES;
				MTL_ENABLE_DEBUG_INFO = INCLUDE_SOURCE;
				MTL_FAST_MATH = YES;
				ONLY_ACTIVE_ARCH = YES;
				SDKROOT = iphoneos;
				SWIFT_ACTIVE_COMPILATION_CONDITIONS = "DEBUG $(inherited)";
				SWIFT_OPTIMIZATION_LEVEL = "-Onone";
			};
			name = Debug;
		};
		BFC25F1D2D22F34E0082989F /* Release */ = {
			isa = XCBuildConfiguration;
			buildSettings = {
				ALWAYS_SEARCH_USER_PATHS = NO;
				ASSETCATALOG_COMPILER_GENERATE_SWIFT_ASSET_SYMBOL_EXTENSIONS = YES;
				CLANG_ANALYZER_NONNULL = YES;
				CLANG_ANALYZER_NUMBER_OBJECT_CONVERSION = YES_AGGRESSIVE;
				CLANG_CXX_LANGUAGE_STANDARD = "gnu++20";
				CLANG_ENABLE_MODULES = YES;
				CLANG_ENABLE_OBJC_ARC = YES;
				CLANG_ENABLE_OBJC_WEAK = YES;
				CLANG_WARN_BLOCK_CAPTURE_AUTORELEASING = YES;
				CLANG_WARN_BOOL_CONVERSION = YES;
				CLANG_WARN_COMMA = YES;
				CLANG_WARN_CONSTANT_CONVERSION = YES;
				CLANG_WARN_DEPRECATED_OBJC_IMPLEMENTATIONS = YES;
				CLANG_WARN_DIRECT_OBJC_ISA_USAGE = YES_ERROR;
				CLANG_WARN_DOCUMENTATION_COMMENTS = YES;
				CLANG_WARN_EMPTY_BODY = YES;
				CLANG_WARN_ENUM_CONVERSION = YES;
				CLANG_WARN_INFINITE_RECURSION = YES;
				CLANG_WARN_INT_CONVERSION = YES;
				CLANG_WARN_NON_LITERAL_NULL_CONVERSION = YES;
				CLANG_WARN_OBJC_IMPLICIT_RETAIN_SELF = YES;
				CLANG_WARN_OBJC_LITERAL_CONVERSION = YES;
				CLANG_WARN_OBJC_ROOT_CLASS = YES_ERROR;
				CLANG_WARN_QUOTED_INCLUDE_IN_FRAMEWORK_HEADER = YES;
				CLANG_WARN_RANGE_LOOP_ANALYSIS = YES;
				CLANG_WARN_STRICT_PROTOTYPES = YES;
				CLANG_WARN_SUSPICIOUS_MOVE = YES;
				CLANG_WARN_UNGUARDED_AVAILABILITY = YES_AGGRESSIVE;
				CLANG_WARN_UNREACHABLE_CODE = YES;
				CLANG_WARN__DUPLICATE_METHOD_MATCH = YES;
				COPY_PHASE_STRIP = NO;
				DEBUG_INFORMATION_FORMAT = "dwarf-with-dsym";
				ENABLE_NS_ASSERTIONS = NO;
				ENABLE_STRICT_OBJC_MSGSEND = YES;
				ENABLE_USER_SCRIPT_SANDBOXING = YES;
				GCC_C_LANGUAGE_STANDARD = gnu17;
				GCC_NO_COMMON_BLOCKS = YES;
				GCC_WARN_64_TO_32_BIT_CONVERSION = YES;
				GCC_WARN_ABOUT_RETURN_TYPE = YES_ERROR;
				GCC_WARN_UNDECLARED_SELECTOR = YES;
				GCC_WARN_UNINITIALIZED_AUTOS = YES_AGGRESSIVE;
				GCC_WARN_UNUSED_FUNCTION = YES;
				GCC_WARN_UNUSED_VARIABLE = YES;
				IPHONEOS_DEPLOYMENT_TARGET = 17.4;
				LOCALIZATION_PREFERS_STRING_CATALOGS = YES;
				MTL_ENABLE_DEBUG_INFO = NO;
				MTL_FAST_MATH = YES;
				SDKROOT = iphoneos;
				SWIFT_COMPILATION_MODE = wholemodule;
				VALIDATE_PRODUCT = YES;
			};
			name = Release;
		};
		BFC25F1F2D22F34E0082989F /* Debug */ = {
			isa = XCBuildConfiguration;
			buildSettings = {
				ASSETCATALOG_COMPILER_APPICON_NAME = AppIcon;
				ASSETCATALOG_COMPILER_GLOBAL_ACCENT_COLOR_NAME = AccentColor;
				CODE_SIGN_STYLE = Automatic;
				CURRENT_PROJECT_VERSION = 1;
				DEVELOPMENT_TEAM = N727744RT8;
				GENERATE_INFOPLIST_FILE = YES;
				INFOPLIST_FILE = Holaquetal/Info.plist;
				INFOPLIST_KEY_UIApplicationSupportsIndirectInputEvents = YES;
				INFOPLIST_KEY_UILaunchStoryboardName = LaunchScreen;
				INFOPLIST_KEY_UIMainStoryboardFile = Main;
				INFOPLIST_KEY_UISupportedInterfaceOrientations = UIInterfaceOrientationPortrait;
				IPHONEOS_DEPLOYMENT_TARGET = 15;
				LD_RUNPATH_SEARCH_PATHS = (
					"$(inherited)",
					"@executable_path/Frameworks",
				);
				MARKETING_VERSION = 1.0;
				PRODUCT_BUNDLE_IDENTIFIER = com.jimmy.Holaquetal;
				PRODUCT_NAME = "$(TARGET_NAME)";
				SUPPORTED_PLATFORMS = "iphoneos iphonesimulator";
				SUPPORTS_MACCATALYST = NO;
				SUPPORTS_MAC_DESIGNED_FOR_IPHONE_IPAD = NO;
				SUPPORTS_XR_DESIGNED_FOR_IPHONE_IPAD = NO;
				SWIFT_EMIT_LOC_STRINGS = YES;
				SWIFT_VERSION = 5.0;
				TARGETED_DEVICE_FAMILY = "1,2";
			};
			name = Debug;
		};
		BFC25F202D22F34E0082989F /* Release */ = {
			isa = XCBuildConfiguration;
			buildSettings = {
				ASSETCATALOG_COMPILER_APPICON_NAME = AppIcon;
				ASSETCATALOG_COMPILER_GLOBAL_ACCENT_COLOR_NAME = AccentColor;
				CODE_SIGN_STYLE = Automatic;
				CURRENT_PROJECT_VERSION = 1;
				DEVELOPMENT_TEAM = N727744RT8;
				GENERATE_INFOPLIST_FILE = YES;
				INFOPLIST_FILE = Holaquetal/Info.plist;
				INFOPLIST_KEY_UIApplicationSupportsIndirectInputEvents = YES;
				INFOPLIST_KEY_UILaunchStoryboardName = LaunchScreen;
				INFOPLIST_KEY_UIMainStoryboardFile = Main;
				INFOPLIST_KEY_UISupportedInterfaceOrientations = UIInterfaceOrientationPortrait;
				IPHONEOS_DEPLOYMENT_TARGET = 15;
				LD_RUNPATH_SEARCH_PATHS = (
					"$(inherited)",
					"@executable_path/Frameworks",
				);
				MARKETING_VERSION = 1.0;
				PRODUCT_BUNDLE_IDENTIFIER = com.jimmy.Holaquetal;
				PRODUCT_NAME = "$(TARGET_NAME)";
				SUPPORTED_PLATFORMS = "iphoneos iphonesimulator";
				SUPPORTS_MACCATALYST = NO;
				SUPPORTS_MAC_DESIGNED_FOR_IPHONE_IPAD = NO;
				SUPPORTS_XR_DESIGNED_FOR_IPHONE_IPAD = NO;
				SWIFT_EMIT_LOC_STRINGS = YES;
				SWIFT_VERSION = 5.0;
				TARGETED_DEVICE_FAMILY = "1,2";
			};
			name = Release;
		};
/* End XCBuildConfiguration section */

/* Begin XCConfigurationList section */
		BFC25F052D22F34C0082989F /* Build configuration list for PBXProject "Holaquetal" */ = {
			isa = XCConfigurationList;
			buildConfigurations = (
				BFC25F1C2D22F34E0082989F /* Debug */,
				BFC25F1D2D22F34E0082989F /* Release */,
			);
			defaultConfigurationIsVisible = 0;
			defaultConfigurationName = Release;
		};
		BFC25F1E2D22F34E0082989F /* Build configuration list for PBXNativeTarget "Holaquetal" */ = {
			isa = XCConfigurationList;
			buildConfigurations = (
				BFC25F1F2D22F34E0082989F /* Debug */,
				BFC25F202D22F34E0082989F /* Release */,
			);
			defaultConfigurationIsVisible = 0;
			defaultConfigurationName = Release;
		};
/* End XCConfigurationList section */
	};
	rootObject = BFC25F022D22F34C0082989F /* Project object */;
}
