// !$*UTF8*$!
{
	archiveVersion = 1;
	classes = {
	};
	objectVersion = 56;
	objects = {

/* Begin PBXBuildFile section */
		BFC25F0E2D22F34C0082989F /* AppDelegate.swift in Sources */ = {isa = PBXBuildFile; fileRef = BFC25F0D2D22F34C0082989F /* AppDelegate.swift */; };
		BFC25F102D22F34C0082989F /* SceneDelegate.swift in Sources */ = {isa = PBXBuildFile; fileRef = BFC25F0F2D22F34C0082989F /* SceneDelegate.swift */; };
		BFC25F172D22F34E0082989F /* Assets.xcassets in Resources */ = {isa = PBXBuildFile; fileRef = BFC25F162D22F34E0082989F /* Assets.xcassets */; };
		BFC25F1A2D22F34E0082989F /* Base in Resources */ = {isa = PBXBuildFile; fileRef = BFC25F192D22F34E0082989F /* Base */; };
		BFC25F242D2560F60082989F /* .gitignore in Resources */ = {isa = PBXBuildFile; fileRef = BFC25F232D2560F60082989F /* .gitignore */; };
		BFC25F262D2561100082989F /* APIKey.swift in Sources */ = {isa = PBXBuildFile; fileRef = BFC25F252D2561100082989F /* APIKey.swift */; };
		BFC25F2D2D26DEE70082989F /* SignUpViewController.swift in Sources */ = {isa = PBXBuildFile; fileRef = BFC25F2C2D26DEE70082989F /* SignUpViewController.swift */; };
		BFC25F2F2D26DEF00082989F /* SignUpViewModel.swift in Sources */ = {isa = PBXBuildFile; fileRef = BFC25F2E2D26DEF00082989F /* SignUpViewModel.swift */; };
		BFC25F312D26DF100082989F /* SignUpView.swift in Sources */ = {isa = PBXBuildFile; fileRef = BFC25F302D26DF100082989F /* SignUpView.swift */; };
		BFC25F332D26DF290082989F /* SignInViewController.swift in Sources */ = {isa = PBXBuildFile; fileRef = BFC25F322D26DF290082989F /* SignInViewController.swift */; };
		BFC25F352D26DF300082989F /* SignInViewModel.swift in Sources */ = {isa = PBXBuildFile; fileRef = BFC25F342D26DF300082989F /* SignInViewModel.swift */; };
		BFC25F372D26DF3A0082989F /* SignInCoordinator.swift in Sources */ = {isa = PBXBuildFile; fileRef = BFC25F362D26DF3A0082989F /* SignInCoordinator.swift */; };
		BFC25F3A2D280C800082989F /* HomeViewController.swift in Sources */ = {isa = PBXBuildFile; fileRef = BFC25F392D280C800082989F /* HomeViewController.swift */; };
		BFC25F3C2D280CB40082989F /* HomeViewModel.swift in Sources */ = {isa = PBXBuildFile; fileRef = BFC25F3B2D280CB40082989F /* HomeViewModel.swift */; };
		BFC25F3F2D280CDF0082989F /* CustomButton.swift in Sources */ = {isa = PBXBuildFile; fileRef = BFC25F3E2D280CDF0082989F /* CustomButton.swift */; };
		BFC25F412D280CE90082989F /* CustomTextField.swift in Sources */ = {isa = PBXBuildFile; fileRef = BFC25F402D280CE90082989F /* CustomTextField.swift */; };
		BFC25F4D2D280D8E0082989F /* Font.swift in Sources */ = {isa = PBXBuildFile; fileRef = BFC25F4C2D280D8E0082989F /* Font.swift */; };
		BFC25F4F2D280D950082989F /* Constants.swift in Sources */ = {isa = PBXBuildFile; fileRef = BFC25F4E2D280D950082989F /* Constants.swift */; };
		BFC25F572D280DD70082989F /* SignInRequest.swift in Sources */ = {isa = PBXBuildFile; fileRef = BFC25F562D280DD70082989F /* SignInRequest.swift */; };
		BFC25F5F2D280DF50082989F /* Endpoints.swift in Sources */ = {isa = PBXBuildFile; fileRef = BFC25F5E2D280DF50082989F /* Endpoints.swift */; };
		BFC25F612D280DFB0082989F /* APIManager.swift in Sources */ = {isa = PBXBuildFile; fileRef = BFC25F602D280DFB0082989F /* APIManager.swift */; };
		BFC25F6D2D290D680082989F /* OnboardingViewController.swift in Sources */ = {isa = PBXBuildFile; fileRef = BFC25F6C2D290D680082989F /* OnboardingViewController.swift */; };
		BFC25F702D290DD90082989F /* Then in Frameworks */ = {isa = PBXBuildFile; productRef = BFC25F6F2D290DD90082989F /* Then */; };
		BFC25F732D2916E20082989F /* SnapKit in Frameworks */ = {isa = PBXBuildFile; productRef = BFC25F722D2916E20082989F /* SnapKit */; };
		BFC25F772D2A72EA0082989F /* AuthView.swift in Sources */ = {isa = PBXBuildFile; fileRef = BFC25F762D2A72EA0082989F /* AuthView.swift */; };
		BFC25F792D2A73240082989F /* AuthViewController.swift in Sources */ = {isa = PBXBuildFile; fileRef = BFC25F782D2A73240082989F /* AuthViewController.swift */; };
		BFC25F7B2D2A737E0082989F /* AuthViewModel.swift in Sources */ = {isa = PBXBuildFile; fileRef = BFC25F7A2D2A737E0082989F /* AuthViewModel.swift */; };
		BFC25F7D2D2A73B60082989F /* OnboardingView.swift in Sources */ = {isa = PBXBuildFile; fileRef = BFC25F7C2D2A73B60082989F /* OnboardingView.swift */; };
		BFC25F7F2D2A73BE0082989F /* OnboardingViewModel.swift in Sources */ = {isa = PBXBuildFile; fileRef = BFC25F7E2D2A73BE0082989F /* OnboardingViewModel.swift */; };
		BFC25F822D2A7B090082989F /* BaseView.swift in Sources */ = {isa = PBXBuildFile; fileRef = BFC25F812D2A7B090082989F /* BaseView.swift */; };
		BFC25F842D2A7B140082989F /* BaseViewController.swift in Sources */ = {isa = PBXBuildFile; fileRef = BFC25F832D2A7B140082989F /* BaseViewController.swift */; };
		BFC25F862D2A7B190082989F /* BaseViewModel.swift in Sources */ = {isa = PBXBuildFile; fileRef = BFC25F852D2A7B190082989F /* BaseViewModel.swift */; };
		BFC25F892D3168CC0082989F /* UIView+Extensions.swift in Sources */ = {isa = PBXBuildFile; fileRef = BFC25F882D3168CC0082989F /* UIView+Extensions.swift */; };
/* End PBXBuildFile section */

/* Begin PBXFileReference section */
		BFC25F0A2D22F34C0082989F /* Holaquetal.app */ = {isa = PBXFileReference; explicitFileType = wrapper.application; includeInIndex = 0; path = Holaquetal.app; sourceTree = BUILT_PRODUCTS_DIR; };
		BFC25F0D2D22F34C0082989F /* AppDelegate.swift */ = {isa = PBXFileReference; lastKnownFileType = sourcecode.swift; path = AppDelegate.swift; sourceTree = "<group>"; };
		BFC25F0F2D22F34C0082989F /* SceneDelegate.swift */ = {isa = PBXFileReference; lastKnownFileType = sourcecode.swift; path = SceneDelegate.swift; sourceTree = "<group>"; };
		BFC25F162D22F34E0082989F /* Assets.xcassets */ = {isa = PBXFileReference; lastKnownFileType = folder.assetcatalog; path = Assets.xcassets; sourceTree = "<group>"; };
		BFC25F192D22F34E0082989F /* Base */ = {isa = PBXFileReference; lastKnownFileType = file.storyboard; name = Base; path = Base.lproj/LaunchScreen.storyboard; sourceTree = "<group>"; };
		BFC25F1B2D22F34E0082989F /* Info.plist */ = {isa = PBXFileReference; lastKnownFileType = text.plist.xml; path = Info.plist; sourceTree = "<group>"; };
		BFC25F232D2560F60082989F /* .gitignore */ = {isa = PBXFileReference; lastKnownFileType = text; path = .gitignore; sourceTree = "<group>"; };
		BFC25F252D2561100082989F /* APIKey.swift */ = {isa = PBXFileReference; lastKnownFileType = sourcecode.swift; path = APIKey.swift; sourceTree = "<group>"; };
		BFC25F2C2D26DEE70082989F /* SignUpViewController.swift */ = {isa = PBXFileReference; lastKnownFileType = sourcecode.swift; path = SignUpViewController.swift; sourceTree = "<group>"; };
		BFC25F2E2D26DEF00082989F /* SignUpViewModel.swift */ = {isa = PBXFileReference; lastKnownFileType = sourcecode.swift; path = SignUpViewModel.swift; sourceTree = "<group>"; };
		BFC25F302D26DF100082989F /* SignUpView.swift */ = {isa = PBXFileReference; lastKnownFileType = sourcecode.swift; path = SignUpView.swift; sourceTree = "<group>"; };
		BFC25F322D26DF290082989F /* SignInViewController.swift */ = {isa = PBXFileReference; lastKnownFileType = sourcecode.swift; path = SignInViewController.swift; sourceTree = "<group>"; };
		BFC25F342D26DF300082989F /* SignInViewModel.swift */ = {isa = PBXFileReference; lastKnownFileType = sourcecode.swift; path = SignInViewModel.swift; sourceTree = "<group>"; };
		BFC25F362D26DF3A0082989F /* SignInCoordinator.swift */ = {isa = PBXFileReference; lastKnownFileType = sourcecode.swift; path = SignInCoordinator.swift; sourceTree = "<group>"; };
		BFC25F392D280C800082989F /* HomeViewController.swift */ = {isa = PBXFileReference; lastKnownFileType = sourcecode.swift; path = HomeViewController.swift; sourceTree = "<group>"; };
		BFC25F3B2D280CB40082989F /* HomeViewModel.swift */ = {isa = PBXFileReference; lastKnownFileType = sourcecode.swift; path = HomeViewModel.swift; sourceTree = "<group>"; };
		BFC25F3E2D280CDF0082989F /* CustomButton.swift */ = {isa = PBXFileReference; lastKnownFileType = sourcecode.swift; path = CustomButton.swift; sourceTree = "<group>"; };
		BFC25F402D280CE90082989F /* CustomTextField.swift */ = {isa = PBXFileReference; lastKnownFileType = sourcecode.swift; path = CustomTextField.swift; sourceTree = "<group>"; };
		BFC25F4C2D280D8E0082989F /* Font.swift */ = {isa = PBXFileReference; lastKnownFileType = sourcecode.swift; path = Font.swift; sourceTree = "<group>"; };
		BFC25F4E2D280D950082989F /* Constants.swift */ = {isa = PBXFileReference; lastKnownFileType = sourcecode.swift; path = Constants.swift; sourceTree = "<group>"; };
		BFC25F562D280DD70082989F /* SignInRequest.swift */ = {isa = PBXFileReference; lastKnownFileType = sourcecode.swift; path = SignInRequest.swift; sourceTree = "<group>"; };
		BFC25F5E2D280DF50082989F /* Endpoints.swift */ = {isa = PBXFileReference; lastKnownFileType = sourcecode.swift; path = Endpoints.swift; sourceTree = "<group>"; };
		BFC25F602D280DFB0082989F /* APIManager.swift */ = {isa = PBXFileReference; lastKnownFileType = sourcecode.swift; path = APIManager.swift; sourceTree = "<group>"; };
		BFC25F6C2D290D680082989F /* OnboardingViewController.swift */ = {isa = PBXFileReference; lastKnownFileType = sourcecode.swift; path = OnboardingViewController.swift; sourceTree = "<group>"; };
		BFC25F762D2A72EA0082989F /* AuthView.swift */ = {isa = PBXFileReference; lastKnownFileType = sourcecode.swift; path = AuthView.swift; sourceTree = "<group>"; };
		BFC25F782D2A73240082989F /* AuthViewController.swift */ = {isa = PBXFileReference; lastKnownFileType = sourcecode.swift; path = AuthViewController.swift; sourceTree = "<group>"; };
		BFC25F7A2D2A737E0082989F /* AuthViewModel.swift */ = {isa = PBXFileReference; lastKnownFileType = sourcecode.swift; path = AuthViewModel.swift; sourceTree = "<group>"; };
		BFC25F7C2D2A73B60082989F /* OnboardingView.swift */ = {isa = PBXFileReference; lastKnownFileType = sourcecode.swift; path = OnboardingView.swift; sourceTree = "<group>"; };
		BFC25F7E2D2A73BE0082989F /* OnboardingViewModel.swift */ = {isa = PBXFileReference; lastKnownFileType = sourcecode.swift; path = OnboardingViewModel.swift; sourceTree = "<group>"; };
		BFC25F812D2A7B090082989F /* BaseView.swift */ = {isa = PBXFileReference; lastKnownFileType = sourcecode.swift; path = BaseView.swift; sourceTree = "<group>"; };
		BFC25F832D2A7B140082989F /* BaseViewController.swift */ = {isa = PBXFileReference; lastKnownFileType = sourcecode.swift; path = BaseViewController.swift; sourceTree = "<group>"; };
		BFC25F852D2A7B190082989F /* BaseViewModel.swift */ = {isa = PBXFileReference; lastKnownFileType = sourcecode.swift; path = BaseViewModel.swift; sourceTree = "<group>"; };
		BFC25F882D3168CC0082989F /* UIView+Extensions.swift */ = {isa = PBXFileReference; lastKnownFileType = sourcecode.swift; path = "UIView+Extensions.swift"; sourceTree = "<group>"; };
/* End PBXFileReference section */

/* Begin PBXFrameworksBuildPhase section */
		BFC25F072D22F34C0082989F /* Frameworks */ = {
			isa = PBXFrameworksBuildPhase;
			buildActionMask = 2147483647;
			files = (
				BFC25F702D290DD90082989F /* Then in Frameworks */,
				BFC25F732D2916E20082989F /* SnapKit in Frameworks */,
			);
			runOnlyForDeploymentPostprocessing = 0;
		};
/* End PBXFrameworksBuildPhase section */

/* Begin PBXGroup section */
		BFC25F012D22F34C0082989F = {
			isa = PBXGroup;
			children = (
				BFC25F0C2D22F34C0082989F /* Holaquetal */,
				BFC25F0B2D22F34C0082989F /* Products */,
			);
			sourceTree = "<group>";
		};
		BFC25F0B2D22F34C0082989F /* Products */ = {
			isa = PBXGroup;
			children = (
				BFC25F0A2D22F34C0082989F /* Holaquetal.app */,
			);
			name = Products;
			sourceTree = "<group>";
		};
		BFC25F0C2D22F34C0082989F /* Holaquetal */ = {
			isa = PBXGroup;
			children = (
				BFC25F522D280DAC0082989F /* Data */,
				BFC25F4A2D280D3D0082989F /* Resources */,
				BFC25F492D280D310082989F /* Utilities */,
				BFC25F282D26DEB00082989F /* Presentation */,
				BFC25F272D26DEA20082989F /* App */,
				BFC25F182D22F34E0082989F /* LaunchScreen.storyboard */,
				BFC25F1B2D22F34E0082989F /* Info.plist */,
				BFC25F232D2560F60082989F /* .gitignore */,
				BFC25F252D2561100082989F /* APIKey.swift */,
			);
			path = Holaquetal;
			sourceTree = "<group>";
		};
		BFC25F272D26DEA20082989F /* App */ = {
			isa = PBXGroup;
			children = (
				BFC25F0D2D22F34C0082989F /* AppDelegate.swift */,
				BFC25F0F2D22F34C0082989F /* SceneDelegate.swift */,
			);
			path = App;
			sourceTree = "<group>";
		};
		BFC25F282D26DEB00082989F /* Presentation */ = {
			isa = PBXGroup;
			children = (
				BFC25F3D2D280CD00082989F /* Common */,
				BFC25F382D26DF420082989F /* Home */,
				BFC25F292D26DEB90082989F /* Auth */,
			);
			path = Presentation;
			sourceTree = "<group>";
		};
		BFC25F292D26DEB90082989F /* Auth */ = {
			isa = PBXGroup;
			children = (
				BFC25F752D2A72BD0082989F /* Auth */,
				BFC25F742D2A72910082989F /* Onboarding */,
				BFC25F2B2D26DEC80082989F /* SignUp */,
				BFC25F2A2D26DEC00082989F /* SingIn */,
			);
			path = Auth;
			sourceTree = "<group>";
		};
		BFC25F2A2D26DEC00082989F /* SingIn */ = {
			isa = PBXGroup;
			children = (
				BFC25F322D26DF290082989F /* SignInViewController.swift */,
				BFC25F342D26DF300082989F /* SignInViewModel.swift */,
				BFC25F362D26DF3A0082989F /* SignInCoordinator.swift */,
			);
			path = SingIn;
			sourceTree = "<group>";
		};
		BFC25F2B2D26DEC80082989F /* SignUp */ = {
			isa = PBXGroup;
			children = (
				BFC25F2C2D26DEE70082989F /* SignUpViewController.swift */,
				BFC25F2E2D26DEF00082989F /* SignUpViewModel.swift */,
				BFC25F302D26DF100082989F /* SignUpView.swift */,
			);
			path = SignUp;
			sourceTree = "<group>";
		};
		BFC25F382D26DF420082989F /* Home */ = {
			isa = PBXGroup;
			children = (
				BFC25F392D280C800082989F /* HomeViewController.swift */,
				BFC25F3B2D280CB40082989F /* HomeViewModel.swift */,
			);
			path = Home;
			sourceTree = "<group>";
		};
		BFC25F3D2D280CD00082989F /* Common */ = {
			isa = PBXGroup;
			children = (
				BFC25F802D2A7B010082989F /* Base */,
				BFC25F422D280CF10082989F /* Components */,
			);
			path = Common;
			sourceTree = "<group>";
		};
		BFC25F422D280CF10082989F /* Components */ = {
			isa = PBXGroup;
			children = (
				BFC25F3E2D280CDF0082989F /* CustomButton.swift */,
				BFC25F402D280CE90082989F /* CustomTextField.swift */,
			);
			path = Components;
			sourceTree = "<group>";
		};
		BFC25F492D280D310082989F /* Utilities */ = {
			isa = PBXGroup;
			children = (
				BFC25F872D3168B00082989F /* Extensions */,
				BFC25F4C2D280D8E0082989F /* Font.swift */,
				BFC25F4E2D280D950082989F /* Constants.swift */,
			);
			path = Utilities;
			sourceTree = "<group>";
		};
		BFC25F4A2D280D3D0082989F /* Resources */ = {
			isa = PBXGroup;
			children = (
				BFC25F4B2D280D560082989F /* Localizations */,
				BFC25F162D22F34E0082989F /* Assets.xcassets */,
			);
			path = Resources;
			sourceTree = "<group>";
		};
		BFC25F4B2D280D560082989F /* Localizations */ = {
			isa = PBXGroup;
			children = (
			);
			path = Localizations;
			sourceTree = "<group>";
		};
		BFC25F522D280DAC0082989F /* Data */ = {
			isa = PBXGroup;
			children = (
				BFC25F552D280DCE0082989F /* Models */,
				BFC25F532D280DB60082989F /* Network */,
			);
			path = Data;
			sourceTree = "<group>";
		};
		BFC25F532D280DB60082989F /* Network */ = {
			isa = PBXGroup;
			children = (
				BFC25F5E2D280DF50082989F /* Endpoints.swift */,
				BFC25F602D280DFB0082989F /* APIManager.swift */,
			);
			path = Network;
			sourceTree = "<group>";
		};
		BFC25F552D280DCE0082989F /* Models */ = {
			isa = PBXGroup;
			children = (
				BFC25F562D280DD70082989F /* SignInRequest.swift */,
			);
			path = Models;
			sourceTree = "<group>";
		};
		BFC25F742D2A72910082989F /* Onboarding */ = {
			isa = PBXGroup;
			children = (
				BFC25F6C2D290D680082989F /* OnboardingViewController.swift */,
				BFC25F7C2D2A73B60082989F /* OnboardingView.swift */,
				BFC25F7E2D2A73BE0082989F /* OnboardingViewModel.swift */,
			);
			path = Onboarding;
			sourceTree = "<group>";
		};
		BFC25F752D2A72BD0082989F /* Auth */ = {
			isa = PBXGroup;
			children = (
				BFC25F762D2A72EA0082989F /* AuthView.swift */,
				BFC25F782D2A73240082989F /* AuthViewController.swift */,
				BFC25F7A2D2A737E0082989F /* AuthViewModel.swift */,
			);
			path = Auth;
			sourceTree = "<group>";
		};
		BFC25F802D2A7B010082989F /* Base */ = {
			isa = PBXGroup;
			children = (
				BFC25F812D2A7B090082989F /* BaseView.swift */,
				BFC25F832D2A7B140082989F /* BaseViewController.swift */,
				BFC25F852D2A7B190082989F /* BaseViewModel.swift */,
			);
			path = Base;
			sourceTree = "<group>";
		};
		BFC25F872D3168B00082989F /* Extensions */ = {
			isa = PBXGroup;
			children = (
				BFC25F882D3168CC0082989F /* UIView+Extensions.swift */,
			);
			path = Extensions;
			sourceTree = "<group>";
		};
/* End PBXGroup section */

/* Begin PBXNativeTarget section */
		BFC25F092D22F34C0082989F /* Holaquetal */ = {
			isa = PBXNativeTarget;
			buildConfigurationList = BFC25F1E2D22F34E0082989F /* Build configuration list for PBXNativeTarget "Holaquetal" */;
			buildPhases = (
				BFC25F062D22F34C0082989F /* Sources */,
				BFC25F072D22F34C0082989F /* Frameworks */,
				BFC25F082D22F34C0082989F /* Resources */,
			);
			buildRules = (
			);
			dependencies = (
			);
			name = Holaquetal;
			packageProductDependencies = (
				BFC25F6F2D290DD90082989F /* Then */,
				BFC25F722D2916E20082989F /* SnapKit */,
			);
			productName = Holaquetal;
			productReference = BFC25F0A2D22F34C0082989F /* Holaquetal.app */;
			productType = "com.apple.product-type.application";
		};
/* End PBXNativeTarget section */

/* Begin PBXProject section */
		BFC25F022D22F34C0082989F /* Project object */ = {
			isa = PBXProject;
			attributes = {
				BuildIndependentTargetsInParallel = 1;
				LastSwiftUpdateCheck = 1530;
				LastUpgradeCheck = 1530;
				TargetAttributes = {
					BFC25F092D22F34C0082989F = {
						CreatedOnToolsVersion = 15.3;
					};
				};
			};
			buildConfigurationList = BFC25F052D22F34C0082989F /* Build configuration list for PBXProject "Holaquetal" */;
			compatibilityVersion = "Xcode 14.0";
			developmentRegion = en;
			hasScannedForEncodings = 0;
			knownRegions = (
				en,
				Base,
			);
			mainGroup = BFC25F012D22F34C0082989F;
			packageReferences = (
				BFC25F6E2D290DD90082989F /* XCRemoteSwiftPackageReference "Then" */,
				BFC25F712D2916E20082989F /* XCRemoteSwiftPackageReference "SnapKit" */,
			);
			productRefGroup = BFC25F0B2D22F34C0082989F /* Products */;
			projectDirPath = "";
			projectRoot = "";
			targets = (
				BFC25F092D22F34C0082989F /* Holaquetal */,
			);
		};
/* End PBXProject section */

/* Begin PBXResourcesBuildPhase section */
		BFC25F082D22F34C0082989F /* Resources */ = {
			isa = PBXResourcesBuildPhase;
			buildActionMask = 2147483647;
			files = (
				BFC25F242D2560F60082989F /* .gitignore in Resources */,
				BFC25F172D22F34E0082989F /* Assets.xcassets in Resources */,
				BFC25F1A2D22F34E0082989F /* Base in Resources */,
			);
			runOnlyForDeploymentPostprocessing = 0;
		};
/* End PBXResourcesBuildPhase section */

/* Begin PBXSourcesBuildPhase section */
		BFC25F062D22F34C0082989F /* Sources */ = {
			isa = PBXSourcesBuildPhase;
			buildActionMask = 2147483647;
			files = (
				BFC25F412D280CE90082989F /* CustomTextField.swift in Sources */,
				BFC25F3F2D280CDF0082989F /* CustomButton.swift in Sources */,
				BFC25F842D2A7B140082989F /* BaseViewController.swift in Sources */,
				BFC25F6D2D290D680082989F /* OnboardingViewController.swift in Sources */,
				BFC25F312D26DF100082989F /* SignUpView.swift in Sources */,
				BFC25F7F2D2A73BE0082989F /* OnboardingViewModel.swift in Sources */,
				BFC25F332D26DF290082989F /* SignInViewController.swift in Sources */,
				BFC25F2D2D26DEE70082989F /* SignUpViewController.swift in Sources */,
				BFC25F7B2D2A737E0082989F /* AuthViewModel.swift in Sources */,
				BFC25F4D2D280D8E0082989F /* Font.swift in Sources */,
				BFC25F372D26DF3A0082989F /* SignInCoordinator.swift in Sources */,
				BFC25F0E2D22F34C0082989F /* AppDelegate.swift in Sources */,
				BFC25F572D280DD70082989F /* SignInRequest.swift in Sources */,
				BFC25F352D26DF300082989F /* SignInViewModel.swift in Sources */,
				BFC25F892D3168CC0082989F /* UIView+Extensions.swift in Sources */,
				BFC25F7D2D2A73B60082989F /* OnboardingView.swift in Sources */,
				BFC25F3C2D280CB40082989F /* HomeViewModel.swift in Sources */,
				BFC25F3A2D280C800082989F /* HomeViewController.swift in Sources */,
				BFC25F262D2561100082989F /* APIKey.swift in Sources */,
				BFC25F862D2A7B190082989F /* BaseViewModel.swift in Sources */,
				BFC25F2F2D26DEF00082989F /* SignUpViewModel.swift in Sources */,
				BFC25F102D22F34C0082989F /* SceneDelegate.swift in Sources */,
				BFC25F772D2A72EA0082989F /* AuthView.swift in Sources */,
				BFC25F612D280DFB0082989F /* APIManager.swift in Sources */,
				BFC25F5F2D280DF50082989F /* Endpoints.swift in Sources */,
				BFC25F822D2A7B090082989F /* BaseView.swift in Sources */,
				BFC25F4F2D280D950082989F /* Constants.swift in Sources */,
				BFC25F792D2A73240082989F /* AuthViewController.swift in Sources */,
			);
			runOnlyForDeploymentPostprocessing = 0;
		};
/* End PBXSourcesBuildPhase section */

/* Begin PBXVariantGroup section */
		BFC25F182D22F34E0082989F /* LaunchScreen.storyboard */ = {
			isa = PBXVariantGroup;
			children = (
				BFC25F192D22F34E0082989F /* Base */,
			);
			name = LaunchScreen.storyboard;
			sourceTree = "<group>";
		};
/* End PBXVariantGroup section */

/* Begin XCBuildConfiguration section */
		BFC25F1C2D22F34E0082989F /* Debug */ = {
			isa = XCBuildConfiguration;
			buildSettings = {
				ALWAYS_SEARCH_USER_PATHS = NO;
				ASSETCATALOG_COMPILER_GENERATE_SWIFT_ASSET_SYMBOL_EXTENSIONS = YES;
				CLANG_ANALYZER_NONNULL = YES;
				CLANG_ANALYZER_NUMBER_OBJECT_CONVERSION = YES_AGGRESSIVE;
				CLANG_CXX_LANGUAGE_STANDARD = "gnu++20";
				CLANG_ENABLE_MODULES = YES;
				CLANG_ENABLE_OBJC_ARC = YES;
				CLANG_ENABLE_OBJC_WEAK = YES;
				CLANG_WARN_BLOCK_CAPTURE_AUTORELEASING = YES;
				CLANG_WARN_BOOL_CONVERSION = YES;
				CLANG_WARN_COMMA = YES;
				CLANG_WARN_CONSTANT_CONVERSION = YES;
				CLANG_WARN_DEPRECATED_OBJC_IMPLEMENTATIONS = YES;
				CLANG_WARN_DIRECT_OBJC_ISA_USAGE = YES_ERROR;
				CLANG_WARN_DOCUMENTATION_COMMENTS = YES;
				CLANG_WARN_EMPTY_BODY = YES;
				CLANG_WARN_ENUM_CONVERSION = YES;
				CLANG_WARN_INFINITE_RECURSION = YES;
				CLANG_WARN_INT_CONVERSION = YES;
				CLANG_WARN_NON_LITERAL_NULL_CONVERSION = YES;
				CLANG_WARN_OBJC_IMPLICIT_RETAIN_SELF = YES;
				CLANG_WARN_OBJC_LITERAL_CONVERSION = YES;
				CLANG_WARN_OBJC_ROOT_CLASS = YES_ERROR;
				CLANG_WARN_QUOTED_INCLUDE_IN_FRAMEWORK_HEADER = YES;
				CLANG_WARN_RANGE_LOOP_ANALYSIS = YES;
				CLANG_WARN_STRICT_PROTOTYPES = YES;
				CLANG_WARN_SUSPICIOUS_MOVE = YES;
				CLANG_WARN_UNGUARDED_AVAILABILITY = YES_AGGRESSIVE;
				CLANG_WARN_UNREACHABLE_CODE = YES;
				CLANG_WARN__DUPLICATE_METHOD_MATCH = YES;
				COPY_PHASE_STRIP = NO;
				DEBUG_INFORMATION_FORMAT = dwarf;
				ENABLE_STRICT_OBJC_MSGSEND = YES;
				ENABLE_TESTABILITY = YES;
				ENABLE_USER_SCRIPT_SANDBOXING = YES;
				GCC_C_LANGUAGE_STANDARD = gnu17;
				GCC_DYNAMIC_NO_PIC = NO;
				GCC_NO_COMMON_BLOCKS = YES;
				GCC_OPTIMIZATION_LEVEL = 0;
				GCC_PREPROCESSOR_DEFINITIONS = (
					"DEBUG=1",
					"$(inherited)",
				);
				GCC_WARN_64_TO_32_BIT_CONVERSION = YES;
				GCC_WARN_ABOUT_RETURN_TYPE = YES_ERROR;
				GCC_WARN_UNDECLARED_SELECTOR = YES;
				GCC_WARN_UNINITIALIZED_AUTOS = YES_AGGRESSIVE;
				GCC_WARN_UNUSED_FUNCTION = YES;
				GCC_WARN_UNUSED_VARIABLE = YES;
				IPHONEOS_DEPLOYMENT_TARGET = 15;
				LOCALIZATION_PREFERS_STRING_CATALOGS = YES;
				MTL_ENABLE_DEBUG_INFO = INCLUDE_SOURCE;
				MTL_FAST_MATH = YES;
				ONLY_ACTIVE_ARCH = YES;
				SDKROOT = iphoneos;
				SWIFT_ACTIVE_COMPILATION_CONDITIONS = "DEBUG $(inherited)";
				SWIFT_OPTIMIZATION_LEVEL = "-Onone";
			};
			name = Debug;
		};
		BFC25F1D2D22F34E0082989F /* Release */ = {
			isa = XCBuildConfiguration;
			buildSettings = {
				ALWAYS_SEARCH_USER_PATHS = NO;
				ASSETCATALOG_COMPILER_GENERATE_SWIFT_ASSET_SYMBOL_EXTENSIONS = YES;
				CLANG_ANALYZER_NONNULL = YES;
				CLANG_ANALYZER_NUMBER_OBJECT_CONVERSION = YES_AGGRESSIVE;
				CLANG_CXX_LANGUAGE_STANDARD = "gnu++20";
				CLANG_ENABLE_MODULES = YES;
				CLANG_ENABLE_OBJC_ARC = YES;
				CLANG_ENABLE_OBJC_WEAK = YES;
				CLANG_WARN_BLOCK_CAPTURE_AUTORELEASING = YES;
				CLANG_WARN_BOOL_CONVERSION = YES;
				CLANG_WARN_COMMA = YES;
				CLANG_WARN_CONSTANT_CONVERSION = YES;
				CLANG_WARN_DEPRECATED_OBJC_IMPLEMENTATIONS = YES;
				CLANG_WARN_DIRECT_OBJC_ISA_USAGE = YES_ERROR;
				CLANG_WARN_DOCUMENTATION_COMMENTS = YES;
				CLANG_WARN_EMPTY_BODY = YES;
				CLANG_WARN_ENUM_CONVERSION = YES;
				CLANG_WARN_INFINITE_RECURSION = YES;
				CLANG_WARN_INT_CONVERSION = YES;
				CLANG_WARN_NON_LITERAL_NULL_CONVERSION = YES;
				CLANG_WARN_OBJC_IMPLICIT_RETAIN_SELF = YES;
				CLANG_WARN_OBJC_LITERAL_CONVERSION = YES;
				CLANG_WARN_OBJC_ROOT_CLASS = YES_ERROR;
				CLANG_WARN_QUOTED_INCLUDE_IN_FRAMEWORK_HEADER = YES;
				CLANG_WARN_RANGE_LOOP_ANALYSIS = YES;
				CLANG_WARN_STRICT_PROTOTYPES = YES;
				CLANG_WARN_SUSPICIOUS_MOVE = YES;
				CLANG_WARN_UNGUARDED_AVAILABILITY = YES_AGGRESSIVE;
				CLANG_WARN_UNREACHABLE_CODE = YES;
				CLANG_WARN__DUPLICATE_METHOD_MATCH = YES;
				COPY_PHASE_STRIP = NO;
				DEBUG_INFORMATION_FORMAT = "dwarf-with-dsym";
				ENABLE_NS_ASSERTIONS = NO;
				ENABLE_STRICT_OBJC_MSGSEND = YES;
				ENABLE_USER_SCRIPT_SANDBOXING = YES;
				GCC_C_LANGUAGE_STANDARD = gnu17;
				GCC_NO_COMMON_BLOCKS = YES;
				GCC_WARN_64_TO_32_BIT_CONVERSION = YES;
				GCC_WARN_ABOUT_RETURN_TYPE = YES_ERROR;
				GCC_WARN_UNDECLARED_SELECTOR = YES;
				GCC_WARN_UNINITIALIZED_AUTOS = YES_AGGRESSIVE;
				GCC_WARN_UNUSED_FUNCTION = YES;
				GCC_WARN_UNUSED_VARIABLE = YES;
				IPHONEOS_DEPLOYMENT_TARGET = 15;
				LOCALIZATION_PREFERS_STRING_CATALOGS = YES;
				MTL_ENABLE_DEBUG_INFO = NO;
				MTL_FAST_MATH = YES;
				SDKROOT = iphoneos;
				SWIFT_COMPILATION_MODE = wholemodule;
				VALIDATE_PRODUCT = YES;
			};
			name = Release;
		};
		BFC25F1F2D22F34E0082989F /* Debug */ = {
			isa = XCBuildConfiguration;
			buildSettings = {
				ASSETCATALOG_COMPILER_APPICON_NAME = AppIcon;
				ASSETCATALOG_COMPILER_GLOBAL_ACCENT_COLOR_NAME = AccentColor;
				CODE_SIGN_STYLE = Automatic;
				CURRENT_PROJECT_VERSION = 1;
				DEVELOPMENT_TEAM = N727744RT8;
				GENERATE_INFOPLIST_FILE = YES;
				INFOPLIST_FILE = Holaquetal/Info.plist;
				INFOPLIST_KEY_UIApplicationSupportsIndirectInputEvents = YES;
				INFOPLIST_KEY_UILaunchStoryboardName = LaunchScreen;
				INFOPLIST_KEY_UISupportedInterfaceOrientations = UIInterfaceOrientationPortrait;
				IPHONEOS_DEPLOYMENT_TARGET = 15;
				LD_RUNPATH_SEARCH_PATHS = (
					"$(inherited)",
					"@executable_path/Frameworks",
				);
				MARKETING_VERSION = 1.0;
				PRODUCT_BUNDLE_IDENTIFIER = com.jimmy.Holaquetal;
				PRODUCT_NAME = "$(TARGET_NAME)";
				SUPPORTED_PLATFORMS = "iphoneos iphonesimulator";
				SUPPORTS_MACCATALYST = NO;
				SUPPORTS_MAC_DESIGNED_FOR_IPHONE_IPAD = NO;
				SUPPORTS_XR_DESIGNED_FOR_IPHONE_IPAD = NO;
				SWIFT_EMIT_LOC_STRINGS = YES;
				SWIFT_VERSION = 5.0;
				TARGETED_DEVICE_FAMILY = "1,2";
			};
			name = Debug;
		};
		BFC25F202D22F34E0082989F /* Release */ = {
			isa = XCBuildConfiguration;
			buildSettings = {
				ASSETCATALOG_COMPILER_APPICON_NAME = AppIcon;
				ASSETCATALOG_COMPILER_GLOBAL_ACCENT_COLOR_NAME = AccentColor;
				CODE_SIGN_STYLE = Automatic;
				CURRENT_PROJECT_VERSION = 1;
				DEVELOPMENT_TEAM = N727744RT8;
				GENERATE_INFOPLIST_FILE = YES;
				INFOPLIST_FILE = Holaquetal/Info.plist;
				INFOPLIST_KEY_UIApplicationSupportsIndirectInputEvents = YES;
				INFOPLIST_KEY_UILaunchStoryboardName = LaunchScreen;
				INFOPLIST_KEY_UISupportedInterfaceOrientations = UIInterfaceOrientationPortrait;
				IPHONEOS_DEPLOYMENT_TARGET = 15;
				LD_RUNPATH_SEARCH_PATHS = (
					"$(inherited)",
					"@executable_path/Frameworks",
				);
				MARKETING_VERSION = 1.0;
				PRODUCT_BUNDLE_IDENTIFIER = com.jimmy.Holaquetal;
				PRODUCT_NAME = "$(TARGET_NAME)";
				SUPPORTED_PLATFORMS = "iphoneos iphonesimulator";
				SUPPORTS_MACCATALYST = NO;
				SUPPORTS_MAC_DESIGNED_FOR_IPHONE_IPAD = NO;
				SUPPORTS_XR_DESIGNED_FOR_IPHONE_IPAD = NO;
				SWIFT_EMIT_LOC_STRINGS = YES;
				SWIFT_VERSION = 5.0;
				TARGETED_DEVICE_FAMILY = "1,2";
			};
			name = Release;
		};
/* End XCBuildConfiguration section */

/* Begin XCConfigurationList section */
		BFC25F052D22F34C0082989F /* Build configuration list for PBXProject "Holaquetal" */ = {
			isa = XCConfigurationList;
			buildConfigurations = (
				BFC25F1C2D22F34E0082989F /* Debug */,
				BFC25F1D2D22F34E0082989F /* Release */,
			);
			defaultConfigurationIsVisible = 0;
			defaultConfigurationName = Release;
		};
		BFC25F1E2D22F34E0082989F /* Build configuration list for PBXNativeTarget "Holaquetal" */ = {
			isa = XCConfigurationList;
			buildConfigurations = (
				BFC25F1F2D22F34E0082989F /* Debug */,
				BFC25F202D22F34E0082989F /* Release */,
			);
			defaultConfigurationIsVisible = 0;
			defaultConfigurationName = Release;
		};
/* End XCConfigurationList section */

/* Begin XCRemoteSwiftPackageReference section */
		BFC25F6E2D290DD90082989F /* XCRemoteSwiftPackageReference "Then" */ = {
			isa = XCRemoteSwiftPackageReference;
			repositoryURL = "https://github.com/devxoul/Then.git";
			requirement = {
				kind = upToNextMajorVersion;
				minimumVersion = 3.0.0;
			};
		};
		BFC25F712D2916E20082989F /* XCRemoteSwiftPackageReference "SnapKit" */ = {
			isa = XCRemoteSwiftPackageReference;
			repositoryURL = "https://github.com/SnapKit/SnapKit.git";
			requirement = {
				kind = upToNextMajorVersion;
				minimumVersion = 5.7.1;
			};
		};
/* End XCRemoteSwiftPackageReference section */

/* Begin XCSwiftPackageProductDependency section */
		BFC25F6F2D290DD90082989F /* Then */ = {
			isa = XCSwiftPackageProductDependency;
			package = BFC25F6E2D290DD90082989F /* XCRemoteSwiftPackageReference "Then" */;
			productName = Then;
		};
		BFC25F722D2916E20082989F /* SnapKit */ = {
			isa = XCSwiftPackageProductDependency;
			package = BFC25F712D2916E20082989F /* XCRemoteSwiftPackageReference "SnapKit" */;
			productName = SnapKit;
		};
/* End XCSwiftPackageProductDependency section */
	};
	rootObject = BFC25F022D22F34C0082989F /* Project object */;
}
